
Microsoft Visual Studio Solution File, Format Version 12.00
# Visual Studio Version 16
VisualStudioVersion = 16.0.31729.503
MinimumVisualStudioVersion = 10.0.40219.1
Project("{FAE04EC0-301F-11D3-BF4B-00C04F79EFBC}") = "QLyHocSinh", "QLyHocSinh\QLyHocSinh.csproj", "{2BC4693E-DCC9-48F8-9D6A-531C73A137F7}"
EndProject
Global
	GlobalSection(SolutionConfigurationPlatforms) = preSolution
		Debug|Any CPU = Debug|Any CPU
		Release|Any CPU = Release|Any CPU
	EndGlobalSection
	GlobalSection(ProjectConfigurationPlatforms) = postSolution
		{2BC4693E-DCC9-48F8-9D6A-531C73A137F7}.Debug|Any CPU.ActiveCfg = Debug|Any CPU
		{2BC4693E-DCC9-48F8-9D6A-531C73A137F7}.Debug|Any CPU.Build.0 = Debug|Any CPU
		{2BC4693E-DCC9-48F8-9D6A-531C73A137F7}.Release|Any CPU.ActiveCfg = Release|Any CPU
		{2BC4693E-DCC9-48F8-9D6A-531C73A137F7}.Release|Any CPU.Build.0 = Release|Any CPU
	EndGlobalSection
	GlobalSection(SolutionProperties) = preSolution
		HideSolutionNode = FALSE
	EndGlobalSection
	GlobalSection(ExtensibilityGlobals) = postSolution
		SolutionGuid = {5B972277-365E-43FA-9A14-06651A87BC7C}
	EndGlobalSection
EndGlobal
